
Microsoft Visual Studio Solution File, Format Version 12.00
# Visual Studio Version 16
VisualStudioVersion = 16.0.31702.278
MinimumVisualStudioVersion = 10.0.40219.1
Project("{FAE04EC0-301F-11D3-BF4B-00C04F79EFBC}") = "GestionaleRistorante.Mosconi", "GestionaleRistorante.Mosconi\GestionaleRistorante.Mosconi.csproj", "{B74FD34A-2F7D-40FA-B1F4-EF93511D5477}"
EndProject
Global
	GlobalSection(SolutionConfigurationPlatforms) = preSolution
		Debug|Any CPU = Debug|Any CPU
		Release|Any CPU = Release|Any CPU
	EndGlobalSection
	GlobalSection(ProjectConfigurationPlatforms) = postSolution
		{B74FD34A-2F7D-40FA-B1F4-EF93511D5477}.Debug|Any CPU.ActiveCfg = Debug|Any CPU
		{B74FD34A-2F7D-40FA-B1F4-EF93511D5477}.Debug|Any CPU.Build.0 = Debug|Any CPU
		{B74FD34A-2F7D-40FA-B1F4-EF93511D5477}.Release|Any CPU.ActiveCfg = Release|Any CPU
		{B74FD34A-2F7D-40FA-B1F4-EF93511D5477}.Release|Any CPU.Build.0 = Release|Any CPU
	EndGlobalSection
	GlobalSection(SolutionProperties) = preSolution
		HideSolutionNode = FALSE
	EndGlobalSection
	GlobalSection(ExtensibilityGlobals) = postSolution
		SolutionGuid = {39A9B8F5-9157-4B3C-963E-C3EEBEE4AD44}
	EndGlobalSection
EndGlobal
